
Microsoft Visual Studio Solution File, Format Version 12.00
# Visual Studio Version 16
VisualStudioVersion = 16.0.29409.12
MinimumVisualStudioVersion = 10.0.40219.1
Project("{FAE04EC0-301F-11D3-BF4B-00C04F79EFBC}") = "shortuckts", "shortuckts\shortuckts.csproj", "{3020B475-DDC4-426F-B83E-8303ED920AD9}"
EndProject
Global
	GlobalSection(SolutionConfigurationPlatforms) = preSolution
		Debug|Any CPU = Debug|Any CPU
		Release|Any CPU = Release|Any CPU
	EndGlobalSection
	GlobalSection(ProjectConfigurationPlatforms) = postSolution
		{3020B475-DDC4-426F-B83E-8303ED920AD9}.Debug|Any CPU.ActiveCfg = Debug|Any CPU
		{3020B475-DDC4-426F-B83E-8303ED920AD9}.Debug|Any CPU.Build.0 = Debug|Any CPU
		{3020B475-DDC4-426F-B83E-8303ED920AD9}.Release|Any CPU.ActiveCfg = Release|Any CPU
		{3020B475-DDC4-426F-B83E-8303ED920AD9}.Release|Any CPU.Build.0 = Release|Any CPU
	EndGlobalSection
	GlobalSection(SolutionProperties) = preSolution
		HideSolutionNode = FALSE
	EndGlobalSection
	GlobalSection(ExtensibilityGlobals) = postSolution
		SolutionGuid = {46CE2915-1151-4FA8-A9F1-5B95DD4ED749}
	EndGlobalSection
EndGlobal
